
Microsoft Visual Studio Solution File, Format Version 12.00
# Visual Studio Version 17
VisualStudioVersion = 17.9.34723.18
MinimumVisualStudioVersion = 10.0.40219.1
Project("{FAE04EC0-301F-11D3-BF4B-00C04F79EFBC}") = "ASP.Net Templating", "ASP.Net Templating.csproj", "{59FA0DD6-E2A2-4C37-9FF0-DDDDFA244A03}"
EndProject
Global
	GlobalSection(SolutionConfigurationPlatforms) = preSolution
		Debug|Any CPU = Debug|Any CPU
		Release|Any CPU = Release|Any CPU
	EndGlobalSection
	GlobalSection(ProjectConfigurationPlatforms) = postSolution
		{59FA0DD6-E2A2-4C37-9FF0-DDDDFA244A03}.Debug|Any CPU.ActiveCfg = Debug|Any CPU
		{59FA0DD6-E2A2-4C37-9FF0-DDDDFA244A03}.Debug|Any CPU.Build.0 = Debug|Any CPU
		{59FA0DD6-E2A2-4C37-9FF0-DDDDFA244A03}.Release|Any CPU.ActiveCfg = Release|Any CPU
		{59FA0DD6-E2A2-4C37-9FF0-DDDDFA244A03}.Release|Any CPU.Build.0 = Release|Any CPU
	EndGlobalSection
	GlobalSection(SolutionProperties) = preSolution
		HideSolutionNode = FALSE
	EndGlobalSection
	GlobalSection(ExtensibilityGlobals) = postSolution
		SolutionGuid = {11B44DE2-34E0-4778-9773-6EBEAE52F6ED}
	EndGlobalSection
EndGlobal
